# This file is autogenerated, do not edit; changes may be undone by the next 'dep ensure'.


[[projects]]
  digest = "1:ffe9824d294da03b391f44e1ae8281281b4afc1bdaa9588c9097785e3af10cec"
  name = "github.com/davecgh/go-spew"
  packages = ["spew"]
  pruneopts = "UT"
  revision = "8991bc29aa16c548c550c7ff78260e27b9ab7c73"
  version = "v1.1.1"

[[projects]]
  digest = "1:3ee1d175a75b911a659fbd860060874c4f503e793c5870d13e5a0ede529a63cf"
  name = "github.com/gin-contrib/sse"
  packages = ["."]
  pruneopts = "UT"
  revision = "54d8467d122d380a14768b6b4e5cd7ca4755938f"
  version = "v0.1.0"

[[projects]]
  digest = "1:d8bd2a337f6ff2188e08f72c614f2f3f0fd48e6a7b37a071b197e427d77d3a47"
  name = "github.com/gin-gonic/gin"
  packages = [
    ".",
    "binding",
    "internal/json",
    "render",
  ]
  pruneopts = "UT"
  revision = "b75d67cd51eb53c3c3a2fc406524c940021ffbda"
  version = "v1.4.0"

[[projects]]
  digest = "1:573ca21d3669500ff845bdebee890eb7fc7f0f50c59f2132f2a0c6b03d85086a"
  name = "github.com/golang/protobuf"
  packages = ["proto"]
  pruneopts = "UT"
  revision = "6c65a5562fc06764971b7c5d05c76c75e84bdbf7"
  version = "v1.3.2"

[[projects]]
  branch = "master"
  digest = "1:6480de9b8abc75bfb06947e139aa07429dfed37f95a258e90865c4c84a9e188b"
  name = "github.com/inconshreveable/go-vhost"
  packages = ["."]
  pruneopts = "UT"
  revision = "06d84117953b22058c096b49a429ebd4f3d3d97b"

[[projects]]
  digest = "1:709cd2a2c29cc9b89732f6c24846bbb9d6270f28ef5ef2128cc73bd0d6d7bff9"
  name = "github.com/json-iterator/go"
  packages = ["."]
  pruneopts = "UT"
  revision = "27518f6661eba504be5a7a9a9f6d9460d892ade3"
  version = "v1.1.7"

[[projects]]
  digest = "1:f4e64bb62274202b95403b8ae001d0601cee01afadf60767fb0e1d239f8f1413"
  name = "github.com/magefile/mage"
  packages = [
    "internal",
    "mage",
    "mg",
    "parse",
    "sh",
  ]
  pruneopts = "UT"
  revision = "aedfce64c122eef47009b7f80c9771044753215d"
  version = "v1.8.0"

[[projects]]
  digest = "1:36325ebb862e0382f2f14feef409ba9351271b89ada286ae56836c603d43b59c"
  name = "github.com/mattn/go-isatty"
  packages = ["."]
  pruneopts = "UT"
  revision = "e1f7b56ace729e4a73a29a6b4fac6cd5fcda7ab3"
  version = "v0.0.9"

[[projects]]
  digest = "1:33422d238f147d247752996a26574ac48dcf472976eda7f5134015f06bf16563"
  name = "github.com/modern-go/concurrent"
  packages = ["."]
  pruneopts = "UT"
  revision = "bacd9c7ef1dd9b15be4a9909b8ac7a4e313eec94"
  version = "1.0.3"

[[projects]]
  digest = "1:e32bdbdb7c377a07a9a46378290059822efdce5c8d96fe71940d87cb4f918855"
  name = "github.com/modern-go/reflect2"
  packages = ["."]
  pruneopts = "UT"
  revision = "4b7aa43c6742a2c18fdef89dd197aaae7dac7ccd"
  version = "1.0.1"

[[projects]]
  branch = "master"
  digest = "1:a6b0ade35bc762bd442d162e4a44833bb6fb86342d3612c5a417e5f66f68d2cc"
  name = "github.com/mysteriumnetwork/go-ci"
  packages = [
    "commands",
    "util",
  ]
  pruneopts = "UT"
  revision = "267593de918bebe3969e737ac4cc8d3bebcb9b6e"

[[projects]]
  digest = "1:cf31692c14422fa27c83a05292eb5cbe0fb2775972e8f1f8446a71549bd8980b"
  name = "github.com/pkg/errors"
  packages = ["."]
  pruneopts = "UT"
  revision = "ba968bfe8b2f7e042a574c888954fccecfa385b4"
  version = "v0.8.1"

[[projects]]
  digest = "1:0028cb19b2e4c3112225cd871870f2d9cf49b9b4276531f03438a88e94be86fe"
  name = "github.com/pmezard/go-difflib"
  packages = ["difflib"]
  pruneopts = "UT"
  revision = "792786c7400a136282c1664665ae0a8db921c6c2"
  version = "v1.0.0"

[[projects]]
  digest = "1:30e06e6d62a1d694e3cdbff29d8a9a96022e05a487d0c6eaf0ef898965ef28fb"
  name = "github.com/soheilhy/cmux"
  packages = ["."]
  pruneopts = "UT"
  revision = "e09e9389d85d8492d313d73d1469c029e710623f"
  version = "v0.1.4"

[[projects]]
  digest = "1:8548c309c65a85933a625be5e7d52b6ac927ca30c56869fae58123b8a77a75e1"
  name = "github.com/stretchr/testify"
  packages = ["assert"]
  pruneopts = "UT"
  revision = "221dbe5ed46703ee255b1da0dec05086f5035f62"
  version = "v1.4.0"

[[projects]]
  branch = "master"
  digest = "1:3297205be37afe3f25875b99ad48babe2aebb6e0cf61631d6d9851ecb266370e"
  name = "github.com/tidwall/btree"
  packages = ["."]
  pruneopts = "UT"
  revision = "9876f1454cf0993a53d74c27196993e345f50dd1"

[[projects]]
  digest = "1:eb52960efb7c105ef572f84183de3e337ebbbb529a8efbe6bb4753a22aba4cc6"
  name = "github.com/tidwall/buntdb"
  packages = ["."]
  pruneopts = "UT"
  revision = "6249481c29c2cd96f53b691b74ac1893f72774c2"
  version = "v1.1.0"

[[projects]]
  digest = "1:46aea6ffe39c3d95c13640c2515236ed3c5cdffc3c78c6c0ed4edec2caf7a0dc"
  name = "github.com/tidwall/gjson"
  packages = ["."]
  pruneopts = "UT"
  revision = "c5e72cdf74dff23857243dd662c465b810891c21"
  version = "v1.3.2"

[[projects]]
  branch = "master"
  digest = "1:403222dac436240f4a747c4ced09c1d5884082d920f151ea6c19abf7a75d4e7c"
  name = "github.com/tidwall/grect"
  packages = ["."]
  pruneopts = "UT"
  revision = "ba9a043346eba55344e40d66a5e74cfda3a9d293"

[[projects]]
  digest = "1:8453ddbed197809ee8ca28b06bd04e127bec9912deb4ba451fea7a1eca578328"
  name = "github.com/tidwall/match"
  packages = ["."]
  pruneopts = "UT"
  revision = "33827db735fff6510490d69a8622612558a557ed"
  version = "v1.0.1"

[[projects]]
  digest = "1:ddfe0a54e5f9b29536a6d7b2defa376f2cb2b6e4234d676d7ff214d5b097cb50"
  name = "github.com/tidwall/pretty"
  packages = ["."]
  pruneopts = "UT"
  revision = "1166b9ac2b65e46a43d8618d30d1554f4652d49b"
  version = "v1.0.0"

[[projects]]
  branch = "master"
  digest = "1:54fec16397c72e6ecb5e61309e369517d4ea7aaee4d97454c36075539039ad85"
  name = "github.com/tidwall/rtree"
  packages = [
    ".",
    "base",
  ]
  pruneopts = "UT"
  revision = "6cd427091e0e662cb4f8e2c9eb1a41e1c46ff0d3"

[[projects]]
  branch = "master"
  digest = "1:1b885e925ee7c05565b3178a4fa818bf33885878344d8629ac433a5db99d58e4"
  name = "github.com/tidwall/tinyqueue"
  packages = ["."]
  pruneopts = "UT"
  revision = "1e39f55115634cad2c504631c8bfcc292f2c9c55"

[[projects]]
  digest = "1:5a1cf4e370bc86137b58da2ae065e76526d32b11f62a7665f36dbd5f41fa95ff"
  name = "github.com/ugorji/go"
  packages = ["codec"]
  pruneopts = "UT"
  revision = "23ab95ef5dc3b70286760af84ce2327a2b64ed62"
  version = "v1.1.7"

[[projects]]
  branch = "master"
  digest = "1:6fd972ce1281fd78d2c22415b68c97d5b65aa98077f6a3bb2a58fdb8e7cbcd5c"
  name = "golang.org/x/net"
  packages = [
    "http/httpguts",
    "http2",
    "http2/hpack",
    "idna",
    "internal/socks",
    "proxy",
  ]
  pruneopts = "UT"
  revision = "24e19bdeb0f2d062d8e2640d50a7aaf2a7f80e7a"

[[projects]]
  branch = "master"
  digest = "1:84ed4fd3f7c52941feec4832e385f61377a01b4c98a0f868f16f10c2469fc0fe"
  name = "golang.org/x/sys"
  packages = ["unix"]
  pruneopts = "UT"
  revision = "3421d5a6bb1c214d7aec16aac9fe24627beb5dfd"

[[projects]]
  digest = "1:8d8faad6b12a3a4c819a3f9618cb6ee1fa1cfc33253abeeea8b55336721e3405"
  name = "golang.org/x/text"
  packages = [
    "collate",
    "collate/build",
    "internal/colltab",
    "internal/gen",
    "internal/language",
    "internal/language/compact",
    "internal/tag",
    "internal/triegen",
    "internal/ucd",
    "language",
    "secure/bidirule",
    "transform",
    "unicode/bidi",
    "unicode/cldr",
    "unicode/norm",
    "unicode/rangetable",
  ]
  pruneopts = "UT"
  revision = "342b2e1fbaa52c93f31447ad2c6abc048c63e475"
  version = "v0.3.2"

[[projects]]
  digest = "1:cbc72c4c4886a918d6ab4b95e347ffe259846260f99ebdd8a198c2331cf2b2e9"
  name = "gopkg.in/go-playground/validator.v8"
  packages = ["."]
  pruneopts = "UT"
  revision = "5f1438d3fca68893a817e4a66806cea46a9e4ebf"
  version = "v8.18.2"

[[projects]]
  digest = "1:4d2e5a73dc1500038e504a8d78b986630e3626dc027bc030ba5c75da257cdb96"
  name = "gopkg.in/yaml.v2"
  packages = ["."]
  pruneopts = "UT"
  revision = "51d6538a90f86fe93ac480b35f37b2be17fef232"
  version = "v2.2.2"

[solve-meta]
  analyzer-name = "dep"
  analyzer-version = 1
  input-imports = [
    "github.com/gin-gonic/gin",
    "github.com/inconshreveable/go-vhost",
    "github.com/magefile/mage/mage",
    "github.com/magefile/mage/mg",
    "github.com/magefile/mage/sh",
    "github.com/mysteriumnetwork/go-ci/commands",
    "github.com/pkg/errors",
    "github.com/soheilhy/cmux",
    "github.com/stretchr/testify/assert",
    "github.com/tidwall/buntdb",
    "golang.org/x/net/proxy",
  ]
  solver-name = "gps-cdcl"
  solver-version = 1
